
Microsoft Visual Studio Solution File, Format Version 12.00
# Visual Studio Version 17
VisualStudioVersion = 17.5.33530.505
MinimumVisualStudioVersion = 10.0.40219.1
Project("{9A19103F-16F7-4668-BE54-9A1E7A4F7556}") = "Insurance", "Insurance\Insurance.csproj", "{FC7BDED3-C07D-4C40-B4EF-9BB90F4D6DA8}"
EndProject
Global
	GlobalSection(SolutionConfigurationPlatforms) = preSolution
		Debug|Any CPU = Debug|Any CPU
		Release|Any CPU = Release|Any CPU
	EndGlobalSection
	GlobalSection(ProjectConfigurationPlatforms) = postSolution
		{FC7BDED3-C07D-4C40-B4EF-9BB90F4D6DA8}.Debug|Any CPU.ActiveCfg = Debug|Any CPU
		{FC7BDED3-C07D-4C40-B4EF-9BB90F4D6DA8}.Debug|Any CPU.Build.0 = Debug|Any CPU
		{FC7BDED3-C07D-4C40-B4EF-9BB90F4D6DA8}.Release|Any CPU.ActiveCfg = Release|Any CPU
		{FC7BDED3-C07D-4C40-B4EF-9BB90F4D6DA8}.Release|Any CPU.Build.0 = Release|Any CPU
	EndGlobalSection
	GlobalSection(SolutionProperties) = preSolution
		HideSolutionNode = FALSE
	EndGlobalSection
	GlobalSection(ExtensibilityGlobals) = postSolution
		SolutionGuid = {4C987534-0E04-4915-984D-D20F845A1D84}
	EndGlobalSection
EndGlobal
